
Microsoft Visual Studio Solution File, Format Version 12.00
# Visual Studio Version 17
VisualStudioVersion = 17.13.35806.99 d17.13
MinimumVisualStudioVersion = 10.0.40219.1
Project("{FAE04EC0-301F-11D3-BF4B-00C04F79EFBC}") = "DBD Auto Mappper", "DBD Auto Mappper\DBD Auto Mappper.csproj", "{B5945DAF-C245-4650-965A-8FC79582BF92}"
EndProject
Global
	GlobalSection(SolutionConfigurationPlatforms) = preSolution
		Debug|Any CPU = Debug|Any CPU
		Release|Any CPU = Release|Any CPU
	EndGlobalSection
	GlobalSection(ProjectConfigurationPlatforms) = postSolution
		{B5945DAF-C245-4650-965A-8FC79582BF92}.Debug|Any CPU.ActiveCfg = Debug|Any CPU
		{B5945DAF-C245-4650-965A-8FC79582BF92}.Debug|Any CPU.Build.0 = Debug|Any CPU
		{B5945DAF-C245-4650-965A-8FC79582BF92}.Release|Any CPU.ActiveCfg = Release|Any CPU
		{B5945DAF-C245-4650-965A-8FC79582BF92}.Release|Any CPU.Build.0 = Release|Any CPU
	EndGlobalSection
	GlobalSection(SolutionProperties) = preSolution
		HideSolutionNode = FALSE
	EndGlobalSection
	GlobalSection(ExtensibilityGlobals) = postSolution
		SolutionGuid = {BA82E7C2-B34F-4880-9290-DAC72E2A53BF}
	EndGlobalSection
EndGlobal
